
Microsoft Visual Studio Solution File, Format Version 12.00
# Visual Studio Version 17
VisualStudioVersion = 17.14.36511.14 d17.14
MinimumVisualStudioVersion = 10.0.40219.1
Project("{FAE04EC0-301F-11D3-BF4B-00C04F79EFBC}") = "BizSecureDemo_22180125", "BizSecureDemo_22180125.csproj", "{A450CC95-E245-4D02-83F8-F3A57E79CFAE}"
EndProject
Global
	GlobalSection(SolutionConfigurationPlatforms) = preSolution
		Debug|Any CPU = Debug|Any CPU
		Release|Any CPU = Release|Any CPU
	EndGlobalSection
	GlobalSection(ProjectConfigurationPlatforms) = postSolution
		{A450CC95-E245-4D02-83F8-F3A57E79CFAE}.Debug|Any CPU.ActiveCfg = Debug|Any CPU
		{A450CC95-E245-4D02-83F8-F3A57E79CFAE}.Debug|Any CPU.Build.0 = Debug|Any CPU
		{A450CC95-E245-4D02-83F8-F3A57E79CFAE}.Release|Any CPU.ActiveCfg = Release|Any CPU
		{A450CC95-E245-4D02-83F8-F3A57E79CFAE}.Release|Any CPU.Build.0 = Release|Any CPU
	EndGlobalSection
	GlobalSection(SolutionProperties) = preSolution
		HideSolutionNode = FALSE
	EndGlobalSection
	GlobalSection(ExtensibilityGlobals) = postSolution
		SolutionGuid = {4C122D2E-4434-4E90-A235-BAE39C8F224F}
	EndGlobalSection
EndGlobal
